
Microsoft Visual Studio Solution File, Format Version 12.00
# Visual Studio Version 16
VisualStudioVersion = 16.0.30104.148
MinimumVisualStudioVersion = 10.0.40219.1
Project("{FAE04EC0-301F-11D3-BF4B-00C04F79EFBC}") = "SyntropyNet.WindowsApp", "SyntropyNet.WindowsApp\SyntropyNet.WindowsApp.csproj", "{69315B5A-1E75-4794-8BFB-DBDA31B11EDD}"
EndProject
Project("{FAE04EC0-301F-11D3-BF4B-00C04F79EFBC}") = "SyntropyNet.WindowsApp.Application", "SyntropyNet.WindowsApp.Application\SyntropyNet.WindowsApp.Application.csproj", "{4757291B-3036-409E-9C58-083E9D291002}"
EndProject
Project("{FAE04EC0-301F-11D3-BF4B-00C04F79EFBC}") = "SyntropyNet.WindowsApp.Application.Domain", "SyntropyNet.WindowsApp.Application.Domain\SyntropyNet.WindowsApp.Application.Domain.csproj", "{B18AA660-C236-4B77-95BA-E26CAF169E69}"
EndProject
Project("{C7167F0D-BC9F-4E6E-AFE1-012C56B48DB5}") = "SyntropyNet.WindowsApp.MsixInstaller", "SyntropyNet.WindowsApp.MsixInstaller\SyntropyNet.WindowsApp.MsixInstaller.wapproj", "{B29F9565-01FA-4229-8D9E-13D946B24DF0}"
EndProject
Project("{2150E333-8FDC-42A3-9474-1A3956D46DE8}") = "Solution Items", "Solution Items", "{ED8ACCF2-3E33-48E7-9D85-97BF218FC3EA}"
	ProjectSection(SolutionItems) = preProject
		.github\workflows\installer.yml = .github\workflows\installer.yml
		.github\workflows\release.yml = .github\workflows\release.yml
	EndProjectSection
EndProject
Global
	GlobalSection(SolutionConfigurationPlatforms) = preSolution
		Debug|Any CPU = Debug|Any CPU
		Debug|ARM = Debug|ARM
		Debug|ARM64 = Debug|ARM64
		Debug|x64 = Debug|x64
		Debug|x86 = Debug|x86
		Release|Any CPU = Release|Any CPU
		Release|ARM = Release|ARM
		Release|ARM64 = Release|ARM64
		Release|x64 = Release|x64
		Release|x86 = Release|x86
	EndGlobalSection
	GlobalSection(ProjectConfigurationPlatforms) = postSolution
		{69315B5A-1E75-4794-8BFB-DBDA31B11EDD}.Debug|Any CPU.ActiveCfg = Debug|x86
		{69315B5A-1E75-4794-8BFB-DBDA31B11EDD}.Debug|ARM.ActiveCfg = Debug|x86
		{69315B5A-1E75-4794-8BFB-DBDA31B11EDD}.Debug|ARM64.ActiveCfg = Debug|x86
		{69315B5A-1E75-4794-8BFB-DBDA31B11EDD}.Debug|x64.ActiveCfg = Debug|x64
		{69315B5A-1E75-4794-8BFB-DBDA31B11EDD}.Debug|x64.Build.0 = Debug|x64
		{69315B5A-1E75-4794-8BFB-DBDA31B11EDD}.Debug|x86.ActiveCfg = Debug|x86
		{69315B5A-1E75-4794-8BFB-DBDA31B11EDD}.Debug|x86.Build.0 = Debug|x86
		{69315B5A-1E75-4794-8BFB-DBDA31B11EDD}.Release|Any CPU.ActiveCfg = Release|x86
		{69315B5A-1E75-4794-8BFB-DBDA31B11EDD}.Release|ARM.ActiveCfg = Release|x86
		{69315B5A-1E75-4794-8BFB-DBDA31B11EDD}.Release|ARM64.ActiveCfg = Release|x86
		{69315B5A-1E75-4794-8BFB-DBDA31B11EDD}.Release|x64.ActiveCfg = Release|x64
		{69315B5A-1E75-4794-8BFB-DBDA31B11EDD}.Release|x64.Build.0 = Release|x64
		{69315B5A-1E75-4794-8BFB-DBDA31B11EDD}.Release|x86.ActiveCfg = Release|x86
		{69315B5A-1E75-4794-8BFB-DBDA31B11EDD}.Release|x86.Build.0 = Release|x86
		{4757291B-3036-409E-9C58-083E9D291002}.Debug|Any CPU.ActiveCfg = Debug|x86
		{4757291B-3036-409E-9C58-083E9D291002}.Debug|ARM.ActiveCfg = Debug|x86
		{4757291B-3036-409E-9C58-083E9D291002}.Debug|ARM64.ActiveCfg = Debug|x86
		{4757291B-3036-409E-9C58-083E9D291002}.Debug|x64.ActiveCfg = Debug|x64
		{4757291B-3036-409E-9C58-083E9D291002}.Debug|x64.Build.0 = Debug|x64
		{4757291B-3036-409E-9C58-083E9D291002}.Debug|x86.ActiveCfg = Debug|x86
		{4757291B-3036-409E-9C58-083E9D291002}.Debug|x86.Build.0 = Debug|x86
		{4757291B-3036-409E-9C58-083E9D291002}.Release|Any CPU.ActiveCfg = Release|x86
		{4757291B-3036-409E-9C58-083E9D291002}.Release|ARM.ActiveCfg = Release|x86
		{4757291B-3036-409E-9C58-083E9D291002}.Release|ARM64.ActiveCfg = Release|x86
		{4757291B-3036-409E-9C58-083E9D291002}.Release|x64.ActiveCfg = Release|x64
		{4757291B-3036-409E-9C58-083E9D291002}.Release|x64.Build.0 = Release|x64
		{4757291B-3036-409E-9C58-083E9D291002}.Release|x86.ActiveCfg = Release|x86
		{4757291B-3036-409E-9C58-083E9D291002}.Release|x86.Build.0 = Release|x86
		{B18AA660-C236-4B77-95BA-E26CAF169E69}.Debug|Any CPU.ActiveCfg = Debug|x86
		{B18AA660-C236-4B77-95BA-E26CAF169E69}.Debug|ARM.ActiveCfg = Debug|x86
		{B18AA660-C236-4B77-95BA-E26CAF169E69}.Debug|ARM64.ActiveCfg = Debug|x86
		{B18AA660-C236-4B77-95BA-E26CAF169E69}.Debug|x64.ActiveCfg = Debug|x64
		{B18AA660-C236-4B77-95BA-E26CAF169E69}.Debug|x64.Build.0 = Debug|x64
		{B18AA660-C236-4B77-95BA-E26CAF169E69}.Debug|x86.ActiveCfg = Debug|x86
		{B18AA660-C236-4B77-95BA-E26CAF169E69}.Debug|x86.Build.0 = Debug|x86
		{B18AA660-C236-4B77-95BA-E26CAF169E69}.Release|Any CPU.ActiveCfg = Release|x86
		{B18AA660-C236-4B77-95BA-E26CAF169E69}.Release|ARM.ActiveCfg = Release|x86
		{B18AA660-C236-4B77-95BA-E26CAF169E69}.Release|ARM64.ActiveCfg = Release|x86
		{B18AA660-C236-4B77-95BA-E26CAF169E69}.Release|x64.ActiveCfg = Release|x64
		{B18AA660-C236-4B77-95BA-E26CAF169E69}.Release|x64.Build.0 = Release|x64
		{B18AA660-C236-4B77-95BA-E26CAF169E69}.Release|x86.ActiveCfg = Release|x86
		{B18AA660-C236-4B77-95BA-E26CAF169E69}.Release|x86.Build.0 = Release|x86
		{B29F9565-01FA-4229-8D9E-13D946B24DF0}.Debug|Any CPU.ActiveCfg = Debug|Any CPU
		{B29F9565-01FA-4229-8D9E-13D946B24DF0}.Debug|Any CPU.Build.0 = Debug|Any CPU
		{B29F9565-01FA-4229-8D9E-13D946B24DF0}.Debug|Any CPU.Deploy.0 = Debug|Any CPU
		{B29F9565-01FA-4229-8D9E-13D946B24DF0}.Debug|ARM.ActiveCfg = Debug|ARM
		{B29F9565-01FA-4229-8D9E-13D946B24DF0}.Debug|ARM.Build.0 = Debug|ARM
		{B29F9565-01FA-4229-8D9E-13D946B24DF0}.Debug|ARM.Deploy.0 = Debug|ARM
		{B29F9565-01FA-4229-8D9E-13D946B24DF0}.Debug|ARM64.ActiveCfg = Debug|ARM64
		{B29F9565-01FA-4229-8D9E-13D946B24DF0}.Debug|ARM64.Build.0 = Debug|ARM64
		{B29F9565-01FA-4229-8D9E-13D946B24DF0}.Debug|ARM64.Deploy.0 = Debug|ARM64
		{B29F9565-01FA-4229-8D9E-13D946B24DF0}.Debug|x64.ActiveCfg = Debug|x64
		{B29F9565-01FA-4229-8D9E-13D946B24DF0}.Debug|x64.Build.0 = Debug|x64
		{B29F9565-01FA-4229-8D9E-13D946B24DF0}.Debug|x64.Deploy.0 = Debug|x64
		{B29F9565-01FA-4229-8D9E-13D946B24DF0}.Debug|x86.ActiveCfg = Debug|x86
		{B29F9565-01FA-4229-8D9E-13D946B24DF0}.Debug|x86.Build.0 = Debug|x86
		{B29F9565-01FA-4229-8D9E-13D946B24DF0}.Debug|x86.Deploy.0 = Debug|x86
		{B29F9565-01FA-4229-8D9E-13D946B24DF0}.Release|Any CPU.ActiveCfg = Release|Any CPU
		{B29F9565-01FA-4229-8D9E-13D946B24DF0}.Release|Any CPU.Build.0 = Release|Any CPU
		{B29F9565-01FA-4229-8D9E-13D946B24DF0}.Release|Any CPU.Deploy.0 = Release|Any CPU
		{B29F9565-01FA-4229-8D9E-13D946B24DF0}.Release|ARM.ActiveCfg = Release|ARM
		{B29F9565-01FA-4229-8D9E-13D946B24DF0}.Release|ARM.Build.0 = Release|ARM
		{B29F9565-01FA-4229-8D9E-13D946B24DF0}.Release|ARM.Deploy.0 = Release|ARM
		{B29F9565-01FA-4229-8D9E-13D946B24DF0}.Release|ARM64.ActiveCfg = Release|ARM64
		{B29F9565-01FA-4229-8D9E-13D946B24DF0}.Release|ARM64.Build.0 = Release|ARM64
		{B29F9565-01FA-4229-8D9E-13D946B24DF0}.Release|ARM64.Deploy.0 = Release|ARM64
		{B29F9565-01FA-4229-8D9E-13D946B24DF0}.Release|x64.ActiveCfg = Release|x64
		{B29F9565-01FA-4229-8D9E-13D946B24DF0}.Release|x64.Build.0 = Release|x64
		{B29F9565-01FA-4229-8D9E-13D946B24DF0}.Release|x64.Deploy.0 = Release|x64
		{B29F9565-01FA-4229-8D9E-13D946B24DF0}.Release|x86.ActiveCfg = Release|x86
		{B29F9565-01FA-4229-8D9E-13D946B24DF0}.Release|x86.Build.0 = Release|x86
		{B29F9565-01FA-4229-8D9E-13D946B24DF0}.Release|x86.Deploy.0 = Release|x86
	EndGlobalSection
	GlobalSection(SolutionProperties) = preSolution
		HideSolutionNode = FALSE
	EndGlobalSection
	GlobalSection(ExtensibilityGlobals) = postSolution
		SolutionGuid = {C318C1B6-5405-4DE9-93FE-2B720D23F69B}
	EndGlobalSection
EndGlobal
